// !$*UTF8*$!
{
	archiveVersion = 1;
	classes = {
	};
	objectVersion = 50;
	objects = {

/* Begin PBXBuildFile section */
		DC420DBE26D38A040073CEE1 /* AppDelegate.m in Sources */ = {isa = PBXBuildFile; fileRef = DC420DBD26D38A040073CEE1 /* AppDelegate.m */; };
		DC420DC126D38A040073CEE1 /* SceneDelegate.m in Sources */ = {isa = PBXBuildFile; fileRef = DC420DC026D38A040073CEE1 /* SceneDelegate.m */; };
		DC420DC426D38A040073CEE1 /* ViewController.m in Sources */ = {isa = PBXBuildFile; fileRef = DC420DC326D38A040073CEE1 /* ViewController.m */; };
		DC420DC726D38A040073CEE1 /* Main.storyboard in Resources */ = {isa = PBXBuildFile; fileRef = DC420DC526D38A040073CEE1 /* Main.storyboard */; };
		DC420DC926D38A040073CEE1 /* Assets.xcassets in Resources */ = {isa = PBXBuildFile; fileRef = DC420DC826D38A040073CEE1 /* Assets.xcassets */; };
		DC420DCC26D38A040073CEE1 /* LaunchScreen.storyboard in Resources */ = {isa = PBXBuildFile; fileRef = DC420DCA26D38A040073CEE1 /* LaunchScreen.storyboard */; };
		DC420DCF26D38A040073CEE1 /* main.m in Sources */ = {isa = PBXBuildFile; fileRef = DC420DCE26D38A040073CEE1 /* main.m */; };
		DC420DD926D38A040073CEE1 /* _11111Tests.m in Sources */ = {isa = PBXBuildFile; fileRef = DC420DD826D38A040073CEE1 /* _11111Tests.m */; };
		DC420DE426D38A040073CEE1 /* _11111UITests.m in Sources */ = {isa = PBXBuildFile; fileRef = DC420DE326D38A040073CEE1 /* _11111UITests.m */; };
/* End PBXBuildFile section */

/* Begin PBXContainerItemProxy section */
		DC420DD526D38A040073CEE1 /* PBXContainerItemProxy */ = {
			isa = PBXContainerItemProxy;
			containerPortal = DC420DB126D38A040073CEE1 /* Project object */;
			proxyType = 1;
			remoteGlobalIDString = DC420DB826D38A040073CEE1;
			remoteInfo = 111111;
		};
		DC420DE026D38A040073CEE1 /* PBXContainerItemProxy */ = {
			isa = PBXContainerItemProxy;
			containerPortal = DC420DB126D38A040073CEE1 /* Project object */;
			proxyType = 1;
			remoteGlobalIDString = DC420DB826D38A040073CEE1;
			remoteInfo = 111111;
		};
/* End PBXContainerItemProxy section */

/* Begin PBXFileReference section */
		DC420DB926D38A040073CEE1 /* 111111.app */ = {isa = PBXFileReference; explicitFileType = wrapper.application; includeInIndex = 0; path = 111111.app; sourceTree = BUILT_PRODUCTS_DIR; };
		DC420DBC26D38A040073CEE1 /* AppDelegate.h */ = {isa = PBXFileReference; lastKnownFileType = sourcecode.c.h; path = AppDelegate.h; sourceTree = "<group>"; };
		DC420DBD26D38A040073CEE1 /* AppDelegate.m */ = {isa = PBXFileReference; lastKnownFileType = sourcecode.c.objc; path = AppDelegate.m; sourceTree = "<group>"; };
		DC420DBF26D38A040073CEE1 /* SceneDelegate.h */ = {isa = PBXFileReference; lastKnownFileType = sourcecode.c.h; path = SceneDelegate.h; sourceTree = "<group>"; };
		DC420DC026D38A040073CEE1 /* SceneDelegate.m */ = {isa = PBXFileReference; lastKnownFileType = sourcecode.c.objc; path = SceneDelegate.m; sourceTree = "<group>"; };
		DC420DC226D38A040073CEE1 /* ViewController.h */ = {isa = PBXFileReference; lastKnownFileType = sourcecode.c.h; path = ViewController.h; sourceTree = "<group>"; };
		DC420DC326D38A040073CEE1 /* ViewController.m */ = {isa = PBXFileReference; lastKnownFileType = sourcecode.c.objc; path = ViewController.m; sourceTree = "<group>"; };
		DC420DC626D38A040073CEE1 /* Base */ = {isa = PBXFileReference; lastKnownFileType = file.storyboard; name = Base; path = Base.lproj/Main.storyboard; sourceTree = "<group>"; };
		DC420DC826D38A040073CEE1 /* Assets.xcassets */ = {isa = PBXFileReference; lastKnownFileType = folder.assetcatalog; path = Assets.xcassets; sourceTree = "<group>"; };
		DC420DCB26D38A040073CEE1 /* Base */ = {isa = PBXFileReference; lastKnownFileType = file.storyboard; name = Base; path = Base.lproj/LaunchScreen.storyboard; sourceTree = "<group>"; };
		DC420DCD26D38A040073CEE1 /* Info.plist */ = {isa = PBXFileReference; lastKnownFileType = text.plist.xml; path = Info.plist; sourceTree = "<group>"; };
		DC420DCE26D38A040073CEE1 /* main.m */ = {isa = PBXFileReference; lastKnownFileType = sourcecode.c.objc; path = main.m; sourceTree = "<group>"; };
		DC420DD426D38A040073CEE1 /* 111111Tests.xctest */ = {isa = PBXFileReference; explicitFileType = wrapper.cfbundle; includeInIndex = 0; path = 111111Tests.xctest; sourceTree = BUILT_PRODUCTS_DIR; };
		DC420DD826D38A040073CEE1 /* _11111Tests.m */ = {isa = PBXFileReference; lastKnownFileType = sourcecode.c.objc; path = _11111Tests.m; sourceTree = "<group>"; };
		DC420DDA26D38A040073CEE1 /* Info.plist */ = {isa = PBXFileReference; lastKnownFileType = text.plist.xml; path = Info.plist; sourceTree = "<group>"; };
		DC420DDF26D38A040073CEE1 /* 111111UITests.xctest */ = {isa = PBXFileReference; explicitFileType = wrapper.cfbundle; includeInIndex = 0; path = 111111UITests.xctest; sourceTree = BUILT_PRODUCTS_DIR; };
		DC420DE326D38A040073CEE1 /* _11111UITests.m */ = {isa = PBXFileReference; lastKnownFileType = sourcecode.c.objc; path = _11111UITests.m; sourceTree = "<group>"; };
		DC420DE526D38A040073CEE1 /* Info.plist */ = {isa = PBXFileReference; lastKnownFileType = text.plist.xml; path = Info.plist; sourceTree = "<group>"; };
/* End PBXFileReference section */

/* Begin PBXFrameworksBuildPhase section */
		DC420DB626D38A040073CEE1 /* Frameworks */ = {
			isa = PBXFrameworksBuildPhase;
			buildActionMask = 2147483647;
			files = (
			);
			runOnlyForDeploymentPostprocessing = 0;
		};
		DC420DD126D38A040073CEE1 /* Frameworks */ = {
			isa = PBXFrameworksBuildPhase;
			buildActionMask = 2147483647;
			files = (
			);
			runOnlyForDeploymentPostprocessing = 0;
		};
		DC420DDC26D38A040073CEE1 /* Frameworks */ = {
			isa = PBXFrameworksBuildPhase;
			buildActionMask = 2147483647;
			files = (
			);
			runOnlyForDeploymentPostprocessing = 0;
		};
/* End PBXFrameworksBuildPhase section */

/* Begin PBXGroup section */
		DC420DB026D38A040073CEE1 = {
			isa = PBXGroup;
			children = (
				DC420DBB26D38A040073CEE1 /* 111111 */,
				DC420DD726D38A040073CEE1 /* 111111Tests */,
				DC420DE226D38A040073CEE1 /* 111111UITests */,
				DC420DBA26D38A040073CEE1 /* Products */,
			);
			sourceTree = "<group>";
		};
		DC420DBA26D38A040073CEE1 /* Products */ = {
			isa = PBXGroup;
			children = (
				DC420DB926D38A040073CEE1 /* 111111.app */,
				DC420DD426D38A040073CEE1 /* 111111Tests.xctest */,
				DC420DDF26D38A040073CEE1 /* 111111UITests.xctest */,
			);
			name = Products;
			sourceTree = "<group>";
		};
		DC420DBB26D38A040073CEE1 /* 111111 */ = {
			isa = PBXGroup;
			children = (
				DC420DBC26D38A040073CEE1 /* AppDelegate.h */,
				DC420DBD26D38A040073CEE1 /* AppDelegate.m */,
				DC420DBF26D38A040073CEE1 /* SceneDelegate.h */,
				DC420DC026D38A040073CEE1 /* SceneDelegate.m */,
				DC420DC226D38A040073CEE1 /* ViewController.h */,
				DC420DC326D38A040073CEE1 /* ViewController.m */,
				DC420DC526D38A040073CEE1 /* Main.storyboard */,
				DC420DC826D38A040073CEE1 /* Assets.xcassets */,
				DC420DCA26D38A040073CEE1 /* LaunchScreen.storyboard */,
				DC420DCD26D38A040073CEE1 /* Info.plist */,
				DC420DCE26D38A040073CEE1 /* main.m */,
			);
			path = 111111;
			sourceTree = "<group>";
		};
		DC420DD726D38A040073CEE1 /* 111111Tests */ = {
			isa = PBXGroup;
			children = (
				DC420DD826D38A040073CEE1 /* _11111Tests.m */,
				DC420DDA26D38A040073CEE1 /* Info.plist */,
			);
			path = 111111Tests;
			sourceTree = "<group>";
		};
		DC420DE226D38A040073CEE1 /* 111111UITests */ = {
			isa = PBXGroup;
			children = (
				DC420DE326D38A040073CEE1 /* _11111UITests.m */,
				DC420DE526D38A040073CEE1 /* Info.plist */,
			);
			path = 111111UITests;
			sourceTree = "<group>";
		};
/* End PBXGroup section */

/* Begin PBXNativeTarget section */
		DC420DB826D38A040073CEE1 /* 111111 */ = {
			isa = PBXNativeTarget;
			buildConfigurationList = DC420DE826D38A040073CEE1 /* Build configuration list for PBXNativeTarget "111111" */;
			buildPhases = (
				DC420DB526D38A040073CEE1 /* Sources */,
				DC420DB626D38A040073CEE1 /* Frameworks */,
				DC420DB726D38A040073CEE1 /* Resources */,
			);
			buildRules = (
			);
			dependencies = (
			);
			name = 111111;
			productName = 111111;
			productReference = DC420DB926D38A040073CEE1 /* 111111.app */;
			productType = "com.apple.product-type.application";
		};
		DC420DD326D38A040073CEE1 /* 111111Tests */ = {
			isa = PBXNativeTarget;
			buildConfigurationList = DC420DEB26D38A040073CEE1 /* Build configuration list for PBXNativeTarget "111111Tests" */;
			buildPhases = (
				DC420DD026D38A040073CEE1 /* Sources */,
				DC420DD126D38A040073CEE1 /* Frameworks */,
				DC420DD226D38A040073CEE1 /* Resources */,
			);
			buildRules = (
			);
			dependencies = (
				DC420DD626D38A040073CEE1 /* PBXTargetDependency */,
			);
			name = 111111Tests;
			productName = 111111Tests;
			productReference = DC420DD426D38A040073CEE1 /* 111111Tests.xctest */;
			productType = "com.apple.product-type.bundle.unit-test";
		};
		DC420DDE26D38A040073CEE1 /* 111111UITests */ = {
			isa = PBXNativeTarget;
			buildConfigurationList = DC420DEE26D38A040073CEE1 /* Build configuration list for PBXNativeTarget "111111UITests" */;
			buildPhases = (
				DC420DDB26D38A040073CEE1 /* Sources */,
				DC420DDC26D38A040073CEE1 /* Frameworks */,
				DC420DDD26D38A040073CEE1 /* Resources */,
			);
			buildRules = (
			);
			dependencies = (
				DC420DE126D38A040073CEE1 /* PBXTargetDependency */,
			);
			name = 111111UITests;
			productName = 111111UITests;
			productReference = DC420DDF26D38A040073CEE1 /* 111111UITests.xctest */;
			productType = "com.apple.product-type.bundle.ui-testing";
		};
/* End PBXNativeTarget section */

/* Begin PBXProject section */
		DC420DB126D38A040073CEE1 /* Project object */ = {
			isa = PBXProject;
			attributes = {
				LastUpgradeCheck = 1250;
				TargetAttributes = {
					DC420DB826D38A040073CEE1 = {
						CreatedOnToolsVersion = 12.5.1;
					};
					DC420DD326D38A040073CEE1 = {
						CreatedOnToolsVersion = 12.5.1;
						TestTargetID = DC420DB826D38A040073CEE1;
					};
					DC420DDE26D38A040073CEE1 = {
						CreatedOnToolsVersion = 12.5.1;
						TestTargetID = DC420DB826D38A040073CEE1;
					};
				};
			};
			buildConfigurationList = DC420DB426D38A040073CEE1 /* Build configuration list for PBXProject "111111" */;
			compatibilityVersion = "Xcode 9.3";
			developmentRegion = en;
			hasScannedForEncodings = 0;
			knownRegions = (
				en,
				Base,
			);
			mainGroup = DC420DB026D38A040073CEE1;
			productRefGroup = DC420DBA26D38A040073CEE1 /* Products */;
			projectDirPath = "";
			projectRoot = "";
			targets = (
				DC420DB826D38A040073CEE1 /* 111111 */,
				DC420DD326D38A040073CEE1 /* 111111Tests */,
				DC420DDE26D38A040073CEE1 /* 111111UITests */,
			);
		};
/* End PBXProject section */

/* Begin PBXResourcesBuildPhase section */
		DC420DB726D38A040073CEE1 /* Resources */ = {
			isa = PBXResourcesBuildPhase;
			buildActionMask = 2147483647;
			files = (
				DC420DCC26D38A040073CEE1 /* LaunchScreen.storyboard in Resources */,
				DC420DC926D38A040073CEE1 /* Assets.xcassets in Resources */,
				DC420DC726D38A040073CEE1 /* Main.storyboard in Resources */,
			);
			runOnlyForDeploymentPostprocessing = 0;
		};
		DC420DD226D38A040073CEE1 /* Resources */ = {
			isa = PBXResourcesBuildPhase;
			buildActionMask = 2147483647;
			files = (
			);
			runOnlyForDeploymentPostprocessing = 0;
		};
		DC420DDD26D38A040073CEE1 /* Resources */ = {
			isa = PBXResourcesBuildPhase;
			buildActionMask = 2147483647;
			files = (
			);
			runOnlyForDeploymentPostprocessing = 0;
		};
/* End PBXResourcesBuildPhase section */

/* Begin PBXSourcesBuildPhase section */
		DC420DB526D38A040073CEE1 /* Sources */ = {
			isa = PBXSourcesBuildPhase;
			buildActionMask = 2147483647;
			files = (
				DC420DC426D38A040073CEE1 /* ViewController.m in Sources */,
				DC420DBE26D38A040073CEE1 /* AppDelegate.m in Sources */,
				DC420DCF26D38A040073CEE1 /* main.m in Sources */,
				DC420DC126D38A040073CEE1 /* SceneDelegate.m in Sources */,
			);
			runOnlyForDeploymentPostprocessing = 0;
		};
		DC420DD026D38A040073CEE1 /* Sources */ = {
			isa = PBXSourcesBuildPhase;
			buildActionMask = 2147483647;
			files = (
				DC420DD926D38A040073CEE1 /* _11111Tests.m in Sources */,
			);
			runOnlyForDeploymentPostprocessing = 0;
		};
		DC420DDB26D38A040073CEE1 /* Sources */ = {
			isa = PBXSourcesBuildPhase;
			buildActionMask = 2147483647;
			files = (
				DC420DE426D38A040073CEE1 /* _11111UITests.m in Sources */,
			);
			runOnlyForDeploymentPostprocessing = 0;
		};
/* End PBXSourcesBuildPhase section */

/* Begin PBXTargetDependency section */
		DC420DD626D38A040073CEE1 /* PBXTargetDependency */ = {
			isa = PBXTargetDependency;
			target = DC420DB826D38A040073CEE1 /* 111111 */;
			targetProxy = DC420DD526D38A040073CEE1 /* PBXContainerItemProxy */;
		};
		DC420DE126D38A040073CEE1 /* PBXTargetDependency */ = {
			isa = PBXTargetDependency;
			target = DC420DB826D38A040073CEE1 /* 111111 */;
			targetProxy = DC420DE026D38A040073CEE1 /* PBXContainerItemProxy */;
		};
/* End PBXTargetDependency section */

/* Begin PBXVariantGroup section */
		DC420DC526D38A040073CEE1 /* Main.storyboard */ = {
			isa = PBXVariantGroup;
			children = (
				DC420DC626D38A040073CEE1 /* Base */,
			);
			name = Main.storyboard;
			sourceTree = "<group>";
		};
		DC420DCA26D38A040073CEE1 /* LaunchScreen.storyboard */ = {
			isa = PBXVariantGroup;
			children = (
				DC420DCB26D38A040073CEE1 /* Base */,
			);
			name = LaunchScreen.storyboard;
			sourceTree = "<group>";
		};
/* End PBXVariantGroup section */

/* Begin XCBuildConfiguration section */
		DC420DE626D38A040073CEE1 /* Debug */ = {
			isa = XCBuildConfiguration;
			buildSettings = {
				ALWAYS_SEARCH_USER_PATHS = NO;
				CLANG_ANALYZER_NONNULL = YES;
				CLANG_ANALYZER_NUMBER_OBJECT_CONVERSION = YES_AGGRESSIVE;
				CLANG_CXX_LANGUAGE_STANDARD = "gnu++14";
				CLANG_CXX_LIBRARY = "libc++";
				CLANG_ENABLE_MODULES = YES;
				CLANG_ENABLE_OBJC_ARC = YES;
				CLANG_ENABLE_OBJC_WEAK = YES;
				CLANG_WARN_BLOCK_CAPTURE_AUTORELEASING = YES;
				CLANG_WARN_BOOL_CONVERSION = YES;
				CLANG_WARN_COMMA = YES;
				CLANG_WARN_CONSTANT_CONVERSION = YES;
				CLANG_WARN_DEPRECATED_OBJC_IMPLEMENTATIONS = YES;
				CLANG_WARN_DIRECT_OBJC_ISA_USAGE = YES_ERROR;
				CLANG_WARN_DOCUMENTATION_COMMENTS = YES;
				CLANG_WARN_EMPTY_BODY = YES;
				CLANG_WARN_ENUM_CONVERSION = YES;
				CLANG_WARN_INFINITE_RECURSION = YES;
				CLANG_WARN_INT_CONVERSION = YES;
				CLANG_WARN_NON_LITERAL_NULL_CONVERSION = YES;
				CLANG_WARN_OBJC_IMPLICIT_RETAIN_SELF = YES;
				CLANG_WARN_OBJC_LITERAL_CONVERSION = YES;
				CLANG_WARN_OBJC_ROOT_CLASS = YES_ERROR;
				CLANG_WARN_QUOTED_INCLUDE_IN_FRAMEWORK_HEADER = YES;
				CLANG_WARN_RANGE_LOOP_ANALYSIS = YES;
				CLANG_WARN_STRICT_PROTOTYPES = YES;
				CLANG_WARN_SUSPICIOUS_MOVE = YES;
				CLANG_WARN_UNGUARDED_AVAILABILITY = YES_AGGRESSIVE;
				CLANG_WARN_UNREACHABLE_CODE = YES;
				CLANG_WARN__DUPLICATE_METHOD_MATCH = YES;
				COPY_PHASE_STRIP = NO;
				DEBUG_INFORMATION_FORMAT = dwarf;
				ENABLE_STRICT_OBJC_MSGSEND = YES;
				ENABLE_TESTABILITY = YES;
				GCC_C_LANGUAGE_STANDARD = gnu11;
				GCC_DYNAMIC_NO_PIC = NO;
				GCC_NO_COMMON_BLOCKS = YES;
				GCC_OPTIMIZATION_LEVEL = 0;
				GCC_PREPROCESSOR_DEFINITIONS = (
					"DEBUG=1",
					"$(inherited)",
				);
				GCC_WARN_64_TO_32_BIT_CONVERSION = YES;
				GCC_WARN_ABOUT_RETURN_TYPE = YES_ERROR;
				GCC_WARN_UNDECLARED_SELECTOR = YES;
				GCC_WARN_UNINITIALIZED_AUTOS = YES_AGGRESSIVE;
				GCC_WARN_UNUSED_FUNCTION = YES;
				GCC_WARN_UNUSED_VARIABLE = YES;
				IPHONEOS_DEPLOYMENT_TARGET = 14.5;
				MTL_ENABLE_DEBUG_INFO = INCLUDE_SOURCE;
				MTL_FAST_MATH = YES;
				ONLY_ACTIVE_ARCH = YES;
				SDKROOT = iphoneos;
			};
			name = Debug;
		};
		DC420DE726D38A040073CEE1 /* Release */ = {
			isa = XCBuildConfiguration;
			buildSettings = {
				ALWAYS_SEARCH_USER_PATHS = NO;
				CLANG_ANALYZER_NONNULL = YES;
				CLANG_ANALYZER_NUMBER_OBJECT_CONVERSION = YES_AGGRESSIVE;
				CLANG_CXX_LANGUAGE_STANDARD = "gnu++14";
				CLANG_CXX_LIBRARY = "libc++";
				CLANG_ENABLE_MODULES = YES;
				CLANG_ENABLE_OBJC_ARC = YES;
				CLANG_ENABLE_OBJC_WEAK = YES;
				CLANG_WARN_BLOCK_CAPTURE_AUTORELEASING = YES;
				CLANG_WARN_BOOL_CONVERSION = YES;
				CLANG_WARN_COMMA = YES;
				CLANG_WARN_CONSTANT_CONVERSION = YES;
				CLANG_WARN_DEPRECATED_OBJC_IMPLEMENTATIONS = YES;
				CLANG_WARN_DIRECT_OBJC_ISA_USAGE = YES_ERROR;
				CLANG_WARN_DOCUMENTATION_COMMENTS = YES;
				CLANG_WARN_EMPTY_BODY = YES;
				CLANG_WARN_ENUM_CONVERSION = YES;
				CLANG_WARN_INFINITE_RECURSION = YES;
				CLANG_WARN_INT_CONVERSION = YES;
				CLANG_WARN_NON_LITERAL_NULL_CONVERSION = YES;
				CLANG_WARN_OBJC_IMPLICIT_RETAIN_SELF = YES;
				CLANG_WARN_OBJC_LITERAL_CONVERSION = YES;
				CLANG_WARN_OBJC_ROOT_CLASS = YES_ERROR;
				CLANG_WARN_QUOTED_INCLUDE_IN_FRAMEWORK_HEADER = YES;
				CLANG_WARN_RANGE_LOOP_ANALYSIS = YES;
				CLANG_WARN_STRICT_PROTOTYPES = YES;
				CLANG_WARN_SUSPICIOUS_MOVE = YES;
				CLANG_WARN_UNGUARDED_AVAILABILITY = YES_AGGRESSIVE;
				CLANG_WARN_UNREACHABLE_CODE = YES;
				CLANG_WARN__DUPLICATE_METHOD_MATCH = YES;
				COPY_PHASE_STRIP = NO;
				DEBUG_INFORMATION_FORMAT = "dwarf-with-dsym";
				ENABLE_NS_ASSERTIONS = NO;
				ENABLE_STRICT_OBJC_MSGSEND = YES;
				GCC_C_LANGUAGE_STANDARD = gnu11;
				GCC_NO_COMMON_BLOCKS = YES;
				GCC_WARN_64_TO_32_BIT_CONVERSION = YES;
				GCC_WARN_ABOUT_RETURN_TYPE = YES_ERROR;
				GCC_WARN_UNDECLARED_SELECTOR = YES;
				GCC_WARN_UNINITIALIZED_AUTOS = YES_AGGRESSIVE;
				GCC_WARN_UNUSED_FUNCTION = YES;
				GCC_WARN_UNUSED_VARIABLE = YES;
				IPHONEOS_DEPLOYMENT_TARGET = 14.5;
				MTL_ENABLE_DEBUG_INFO = NO;
				MTL_FAST_MATH = YES;
				SDKROOT = iphoneos;
				VALIDATE_PRODUCT = YES;
			};
			name = Release;
		};
		DC420DE926D38A040073CEE1 /* Debug */ = {
			isa = XCBuildConfiguration;
			buildSettings = {
				ASSETCATALOG_COMPILER_APPICON_NAME = AppIcon;
				ASSETCATALOG_COMPILER_GLOBAL_ACCENT_COLOR_NAME = AccentColor;
				CODE_SIGN_STYLE = Automatic;
				DEVELOPMENT_TEAM = 9U9Z7DYEX6;
				INFOPLIST_FILE = 111111/Info.plist;
				LD_RUNPATH_SEARCH_PATHS = (
					"$(inherited)",
					"@executable_path/Frameworks",
				);
				PRODUCT_BUNDLE_IDENTIFIER = "com.hualang.111.-11111";
				PRODUCT_NAME = "$(TARGET_NAME)";
				TARGETED_DEVICE_FAMILY = "1,2";
			};
			name = Debug;
		};
		DC420DEA26D38A040073CEE1 /* Release */ = {
			isa = XCBuildConfiguration;
			buildSettings = {
				ASSETCATALOG_COMPILER_APPICON_NAME = AppIcon;
				ASSETCATALOG_COMPILER_GLOBAL_ACCENT_COLOR_NAME = AccentColor;
				CODE_SIGN_STYLE = Automatic;
				DEVELOPMENT_TEAM = 9U9Z7DYEX6;
				INFOPLIST_FILE = 111111/Info.plist;
				LD_RUNPATH_SEARCH_PATHS = (
					"$(inherited)",
					"@executable_path/Frameworks",
				);
				PRODUCT_BUNDLE_IDENTIFIER = "com.hualang.111.-11111";
				PRODUCT_NAME = "$(TARGET_NAME)";
				TARGETED_DEVICE_FAMILY = "1,2";
			};
			name = Release;
		};
		DC420DEC26D38A040073CEE1 /* Debug */ = {
			isa = XCBuildConfiguration;
			buildSettings = {
				BUNDLE_LOADER = "$(TEST_HOST)";
				CODE_SIGN_STYLE = Automatic;
				DEVELOPMENT_TEAM = 9U9Z7DYEX6;
				INFOPLIST_FILE = 111111Tests/Info.plist;
				IPHONEOS_DEPLOYMENT_TARGET = 14.5;
				LD_RUNPATH_SEARCH_PATHS = (
					"$(inherited)",
					"@executable_path/Frameworks",
					"@loader_path/Frameworks",
				);
				PRODUCT_BUNDLE_IDENTIFIER = "com.hualang.111.-11111Tests";
				PRODUCT_NAME = "$(TARGET_NAME)";
				TARGETED_DEVICE_FAMILY = "1,2";
				TEST_HOST = "$(BUILT_PRODUCTS_DIR)/111111.app/111111";
			};
			name = Debug;
		};
		DC420DED26D38A040073CEE1 /* Release */ = {
			isa = XCBuildConfiguration;
			buildSettings = {
				BUNDLE_LOADER = "$(TEST_HOST)";
				CODE_SIGN_STYLE = Automatic;
				DEVELOPMENT_TEAM = 9U9Z7DYEX6;
				INFOPLIST_FILE = 111111Tests/Info.plist;
				IPHONEOS_DEPLOYMENT_TARGET = 14.5;
				LD_RUNPATH_SEARCH_PATHS = (
					"$(inherited)",
					"@executable_path/Frameworks",
					"@loader_path/Frameworks",
				);
				PRODUCT_BUNDLE_IDENTIFIER = "com.hualang.111.-11111Tests";
				PRODUCT_NAME = "$(TARGET_NAME)";
				TARGETED_DEVICE_FAMILY = "1,2";
				TEST_HOST = "$(BUILT_PRODUCTS_DIR)/111111.app/111111";
			};
			name = Release;
		};
		DC420DEF26D38A040073CEE1 /* Debug */ = {
			isa = XCBuildConfiguration;
			buildSettings = {
				CODE_SIGN_STYLE = Automatic;
				DEVELOPMENT_TEAM = 9U9Z7DYEX6;
				INFOPLIST_FILE = 111111UITests/Info.plist;
				LD_RUNPATH_SEARCH_PATHS = (
					"$(inherited)",
					"@executable_path/Frameworks",
					"@loader_path/Frameworks",
				);
				PRODUCT_BUNDLE_IDENTIFIER = "com.hualang.111.-11111UITests";
				PRODUCT_NAME = "$(TARGET_NAME)";
				TARGETED_DEVICE_FAMILY = "1,2";
				TEST_TARGET_NAME = 111111;
			};
			name = Debug;
		};
		DC420DF026D38A040073CEE1 /* Release */ = {
			isa = XCBuildConfiguration;
			buildSettings = {
				CODE_SIGN_STYLE = Automatic;
				DEVELOPMENT_TEAM = 9U9Z7DYEX6;
				INFOPLIST_FILE = 111111UITests/Info.plist;
				LD_RUNPATH_SEARCH_PATHS = (
					"$(inherited)",
					"@executable_path/Frameworks",
					"@loader_path/Frameworks",
				);
				PRODUCT_BUNDLE_IDENTIFIER = "com.hualang.111.-11111UITests";
				PRODUCT_NAME = "$(TARGET_NAME)";
				TARGETED_DEVICE_FAMILY = "1,2";
				TEST_TARGET_NAME = 111111;
			};
			name = Release;
		};
/* End XCBuildConfiguration section */

/* Begin XCConfigurationList section */
		DC420DB426D38A040073CEE1 /* Build configuration list for PBXProject "111111" */ = {
			isa = XCConfigurationList;
			buildConfigurations = (
				DC420DE626D38A040073CEE1 /* Debug */,
				DC420DE726D38A040073CEE1 /* Release */,
			);
			defaultConfigurationIsVisible = 0;
			defaultConfigurationName = Release;
		};
		DC420DE826D38A040073CEE1 /* Build configuration list for PBXNativeTarget "111111" */ = {
			isa = XCConfigurationList;
			buildConfigurations = (
				DC420DE926D38A040073CEE1 /* Debug */,
				DC420DEA26D38A040073CEE1 /* Release */,
			);
			defaultConfigurationIsVisible = 0;
			defaultConfigurationName = Release;
		};
		DC420DEB26D38A040073CEE1 /* Build configuration list for PBXNativeTarget "111111Tests" */ = {
			isa = XCConfigurationList;
			buildConfigurations = (
				DC420DEC26D38A040073CEE1 /* Debug */,
				DC420DED26D38A040073CEE1 /* Release */,
			);
			defaultConfigurationIsVisible = 0;
			defaultConfigurationName = Release;
		};
		DC420DEE26D38A040073CEE1 /* Build configuration list for PBXNativeTarget "111111UITests" */ = {
			isa = XCConfigurationList;
			buildConfigurations = (
				DC420DEF26D38A040073CEE1 /* Debug */,
				DC420DF026D38A040073CEE1 /* Release */,
			);
			defaultConfigurationIsVisible = 0;
			defaultConfigurationName = Release;
		};
/* End XCConfigurationList section */
	};
	rootObject = DC420DB126D38A040073CEE1 /* Project object */;
}
